{
  "version": 4,
  "terraform_version": "1.5.7",
  "serial": 3,
  "lineage": "36af98f8-4caf-7a40-bb3f-a92c64b085d8",
  "outputs": {},
  "resources": [
    {
      "mode": "managed",
      "type": "proxmox_lxc",
      "name": "treedu_dev",
      "provider": "provider[\"registry.terraform.io/telmate/proxmox\"]",
      "instances": [
        {
          "schema_version": 0,
          "attributes": {
            "arch": "amd64",
            "bwlimit": 0,
            "clone": null,
            "clone_storage": null,
            "cmode": "tty",
            "console": true,
            "cores": 1,
            "cpulimit": 0,
            "cpuunits": 1024,
            "description": "",
            "features": [
              {
                "fuse": false,
                "keyctl": false,
                "mknod": false,
                "mount": "",
                "nesting": true
              }
            ],
            "force": false,
            "full": null,
            "hagroup": "",
            "hastate": "",
            "hookscript": "",
            "hostname": "treedu-dev",
            "id": "prod01-02/lxc/100",
            "ignore_unpack_errors": false,
            "lock": "",
            "memory": 1000,
            "mountpoint": [],
            "nameserver": "",
            "network": [
              {
                "bridge": "vmbr1",
                "firewall": false,
                "gw": "",
                "gw6": "",
                "hwaddr": "BC:24:11:E6:BD:14",
                "ip": "dhcp",
                "ip6": "",
                "mtu": 0,
                "name": "eth0",
                "rate": 0,
                "tag": 0,
                "trunks": "",
                "type": "veth"
              }
            ],
            "onboot": false,
            "ostemplate": "local:vztmpl/ubuntu-24.10-standard_24.10-1_amd64.tar.zst",
            "ostype": "ubuntu",
            "password": "temporal123",
            "pool": null,
            "protection": false,
            "restore": false,
            "rootfs": [
              {
                "acl": false,
                "quota": false,
                "replicate": false,
                "ro": false,
                "shared": false,
                "size": "10G",
                "storage": "local-lvm",
                "volume": "local-lvm:vm-100-disk-1"
              }
            ],
            "searchdomain": "",
            "ssh_public_keys": "ssh-rsa AAAAB3NzaC1yc2EAAAADAQABAAACAQC4ty5vi6HClBNxu0zSu8lq3HAS/JERlqbAFY1T8h63WYCbOtU0PekE5iLEFEFRlCO8mGyXDN2RFq3vwfYhMkICwlCfzf2odOBHFtr/oNPn43B2Uw+9Yl08dZ616GIoARZkSoJ0eYKuVuTZavEhu7m0Io0HURX0yTBViCnCUrZ7IC92vwpLr14DAO71Hnf+vzWpfQNpuGu0YtdyPMIMUQMWYjdWs2nQG++VWSM23Llya6vFnzkeM4BQV9/dqg44bg0Rof+R592JxMDzfLhsb2sjoWIiC1NGyEdUokhTWTHelR68YBoKKEhBDTVLavNnfQPCU4zxv+roO0c7Nm2QJzCAEP4ER1MRcLEi+x70jGHWlKm2kEhDmoXIsbri/Eib8PmVnDojZKYa4p+eZfDo0PXUfO18JdMPLlLaVFpxpld/Eq0eps08STZhTUSnhnL/eISfILgQ+OGjEMTDATaaEJii741xqY1frU9k9iy6S0h4unJ180H/b4DMKEBVD9FrdZwRwgX93en1/B7awPdmAMXJIp8EOLs7mB/Qt4jSiM6+MurH9L104EHj10aCbOyuFSPdWieCVmHsgPM2+4TyU98P3NNGZEHQz+OKaCeDVRbP/XQRWJUstCPThrH74jgjQHeuV4YTAPIQV7pzNXoj2ft0MWrRbsy+UrDl6eWTIY6YIw== franciscomarchenah@gmail.com\n",
            "start": false,
            "startup": "",
            "swap": 512,
            "tags": "community-script;dev;docker;treedu",
            "target_node": "prod01-02",
            "template": false,
            "timeouts": null,
            "tty": 2,
            "unique": false,
            "unprivileged": true,
            "unused": [],
            "vmid": null
          },
          "sensitive_attributes": [],
          "private": "eyJlMmJmYjczMC1lY2FhLTExZTYtOGY4OC0zNDM2M2JjN2M0YzAiOnsiY3JlYXRlIjoxMjAwMDAwMDAwMDAwLCJkZWZhdWx0IjoxMjAwMDAwMDAwMDAwLCJkZWxldGUiOjEyMDAwMDAwMDAwMDAsInJlYWQiOjEyMDAwMDAwMDAwMDAsInVwZGF0ZSI6MTIwMDAwMDAwMDAwMH19"
        }
      ]
    }
  ],
  "check_results": null
}
